
Microsoft Visual Studio Solution File, Format Version 12.00
# Visual Studio Version 16
VisualStudioVersion = 16.0.32228.343
MinimumVisualStudioVersion = 10.0.40219.1
Project("{9A19103F-16F7-4668-BE54-9A1E7A4F7556}") = "Sales.App", "Sales\Sales.App.csproj", "{3718D2A7-8E4E-48B0-AF70-F1AE3DE64E67}"
EndProject
Project("{9A19103F-16F7-4668-BE54-9A1E7A4F7556}") = "Sales.BusinessLayer", "SalesBusinessLayer\Sales.BusinessLayer.csproj", "{75B06E99-4C22-4284-BF60-A1E20A1B3F12}"
EndProject
Project("{9A19103F-16F7-4668-BE54-9A1E7A4F7556}") = "Sales.DataLayer", "SalesDataLayer\Sales.DataLayer.csproj", "{87EBE18C-95FB-4DEA-9475-8E53DD35B3A9}"
EndProject
Global
	GlobalSection(SolutionConfigurationPlatforms) = preSolution
		Debug|Any CPU = Debug|Any CPU
		Release|Any CPU = Release|Any CPU
	EndGlobalSection
	GlobalSection(ProjectConfigurationPlatforms) = postSolution
		{3718D2A7-8E4E-48B0-AF70-F1AE3DE64E67}.Debug|Any CPU.ActiveCfg = Debug|Any CPU
		{3718D2A7-8E4E-48B0-AF70-F1AE3DE64E67}.Debug|Any CPU.Build.0 = Debug|Any CPU
		{3718D2A7-8E4E-48B0-AF70-F1AE3DE64E67}.Release|Any CPU.ActiveCfg = Release|Any CPU
		{3718D2A7-8E4E-48B0-AF70-F1AE3DE64E67}.Release|Any CPU.Build.0 = Release|Any CPU
		{75B06E99-4C22-4284-BF60-A1E20A1B3F12}.Debug|Any CPU.ActiveCfg = Debug|Any CPU
		{75B06E99-4C22-4284-BF60-A1E20A1B3F12}.Debug|Any CPU.Build.0 = Debug|Any CPU
		{75B06E99-4C22-4284-BF60-A1E20A1B3F12}.Release|Any CPU.ActiveCfg = Release|Any CPU
		{75B06E99-4C22-4284-BF60-A1E20A1B3F12}.Release|Any CPU.Build.0 = Release|Any CPU
		{87EBE18C-95FB-4DEA-9475-8E53DD35B3A9}.Debug|Any CPU.ActiveCfg = Debug|Any CPU
		{87EBE18C-95FB-4DEA-9475-8E53DD35B3A9}.Debug|Any CPU.Build.0 = Debug|Any CPU
		{87EBE18C-95FB-4DEA-9475-8E53DD35B3A9}.Release|Any CPU.ActiveCfg = Release|Any CPU
		{87EBE18C-95FB-4DEA-9475-8E53DD35B3A9}.Release|Any CPU.Build.0 = Release|Any CPU
	EndGlobalSection
	GlobalSection(SolutionProperties) = preSolution
		HideSolutionNode = FALSE
	EndGlobalSection
	GlobalSection(ExtensibilityGlobals) = postSolution
		SolutionGuid = {565CD818-6A7B-4ABF-9CBF-F0801516CC3C}
	EndGlobalSection
EndGlobal
